{
  "requires": true,
  "lockfileVersion": 1,
  "dependencies": {
    "title-notify": {
      "version": "1.1.0",
      "resolved": "https://registry.npmjs.org/title-notify/-/title-notify-1.1.0.tgz",
      "integrity": "sha512-wsEpJwJAgnUumvqW+q0Oso0nxZsaaVGl28yyuhbTI7SdVmN0HbNoGxvOrj52WyWo9aXiHHnFBB7yQGDmfO5w0g=="
    }
  }
}
